
Microsoft Visual Studio Solution File, Format Version 12.00
# Visual Studio 2013
VisualStudioVersion = 12.0.31101.0
MinimumVisualStudioVersion = 10.0.40219.1
Project("{FAE04EC0-301F-11D3-BF4B-00C04F79EFBC}") = "SharePointAweSOM", "SharePointAweSOM\SharePointAweSOM.csproj", "{36EFFE90-C033-4D8A-B267-3AA7F5E6DF38}"
EndProject
Project("{2150E333-8FDC-42A3-9474-1A3956D46DE8}") = ".nuget", ".nuget", "{0FF28249-0511-4D6D-8E07-9011DA70773A}"
	ProjectSection(SolutionItems) = preProject
		.nuget\packages.config = .nuget\packages.config
	EndProjectSection
EndProject
Global
	GlobalSection(SolutionConfigurationPlatforms) = preSolution
		Debug|Any CPU = Debug|Any CPU
		Release|Any CPU = Release|Any CPU
	EndGlobalSection
	GlobalSection(ProjectConfigurationPlatforms) = postSolution
		{36EFFE90-C033-4D8A-B267-3AA7F5E6DF38}.Debug|Any CPU.ActiveCfg = Debug|Any CPU
		{36EFFE90-C033-4D8A-B267-3AA7F5E6DF38}.Debug|Any CPU.Build.0 = Debug|Any CPU
		{36EFFE90-C033-4D8A-B267-3AA7F5E6DF38}.Release|Any CPU.ActiveCfg = Release|Any CPU
		{36EFFE90-C033-4D8A-B267-3AA7F5E6DF38}.Release|Any CPU.Build.0 = Release|Any CPU
	EndGlobalSection
	GlobalSection(SolutionProperties) = preSolution
		HideSolutionNode = FALSE
	EndGlobalSection
EndGlobal
